
Microsoft Visual Studio Solution File, Format Version 12.00
# Visual Studio 15
VisualStudioVersion = 15.0.28307.271
MinimumVisualStudioVersion = 10.0.40219.1
Project("{FAE04EC0-301F-11D3-BF4B-00C04F79EFBC}") = "AnalyzerPlayground", "AnalyzerPlayground.csproj", "{E1FA01A7-84FB-4BAA-8A2F-2B70E223965E}"
EndProject
Project("{2150E333-8FDC-42A3-9474-1A3956D46DE8}") = "Solution Items", "Solution Items", "{6930C696-C33C-4151-B663-DC2076BC944B}"
	ProjectSection(SolutionItems) = preProject
		stylecop.json = stylecop.json
	EndProjectSection
EndProject
Global
	GlobalSection(SolutionConfigurationPlatforms) = preSolution
		Debug|Any CPU = Debug|Any CPU
		Release|Any CPU = Release|Any CPU
	EndGlobalSection
	GlobalSection(ProjectConfigurationPlatforms) = postSolution
		{E1FA01A7-84FB-4BAA-8A2F-2B70E223965E}.Debug|Any CPU.ActiveCfg = Debug|Any CPU
		{E1FA01A7-84FB-4BAA-8A2F-2B70E223965E}.Debug|Any CPU.Build.0 = Debug|Any CPU
		{E1FA01A7-84FB-4BAA-8A2F-2B70E223965E}.Release|Any CPU.ActiveCfg = Release|Any CPU
		{E1FA01A7-84FB-4BAA-8A2F-2B70E223965E}.Release|Any CPU.Build.0 = Release|Any CPU
	EndGlobalSection
	GlobalSection(SolutionProperties) = preSolution
		HideSolutionNode = FALSE
	EndGlobalSection
	GlobalSection(ExtensibilityGlobals) = postSolution
		SolutionGuid = {38FA3685-927D-4E5A-AAFE-4A0D68F3E616}
	EndGlobalSection
EndGlobal
